
Microsoft Visual Studio Solution File, Format Version 12.00
# Visual Studio 2012
Project("{FAE04EC0-301F-11D3-BF4B-00C04F79EFBC}") = "AsyncAwaitDemo", "AsyncAwaitDemo\AsyncAwaitDemo.csproj", "{2E8302D8-9C16-4C58-9598-1AFBB3111203}"
EndProject
Project("{FAE04EC0-301F-11D3-BF4B-00C04F79EFBC}") = "AsyncUnitTest", "AsyncUnitTest\AsyncUnitTest.csproj", "{6C6E8FB5-4522-4469-A07A-26B66715E247}"
EndProject
Project("{2150E333-8FDC-42A3-9474-1A3956D46DE8}") = ".nuget", ".nuget", "{B7B89C21-05F3-4C8E-830F-B2836CA1521C}"
	ProjectSection(SolutionItems) = preProject
		.nuget\NuGet.Config = .nuget\NuGet.Config
		.nuget\NuGet.exe = .nuget\NuGet.exe
		.nuget\NuGet.targets = .nuget\NuGet.targets
	EndProjectSection
EndProject
Global
	GlobalSection(SolutionConfigurationPlatforms) = preSolution
		Debug|Any CPU = Debug|Any CPU
		Release|Any CPU = Release|Any CPU
	EndGlobalSection
	GlobalSection(ProjectConfigurationPlatforms) = postSolution
		{2E8302D8-9C16-4C58-9598-1AFBB3111203}.Debug|Any CPU.ActiveCfg = Debug|Any CPU
		{2E8302D8-9C16-4C58-9598-1AFBB3111203}.Debug|Any CPU.Build.0 = Debug|Any CPU
		{2E8302D8-9C16-4C58-9598-1AFBB3111203}.Release|Any CPU.ActiveCfg = Release|Any CPU
		{2E8302D8-9C16-4C58-9598-1AFBB3111203}.Release|Any CPU.Build.0 = Release|Any CPU
		{6C6E8FB5-4522-4469-A07A-26B66715E247}.Debug|Any CPU.ActiveCfg = Debug|Any CPU
		{6C6E8FB5-4522-4469-A07A-26B66715E247}.Debug|Any CPU.Build.0 = Debug|Any CPU
		{6C6E8FB5-4522-4469-A07A-26B66715E247}.Release|Any CPU.ActiveCfg = Release|Any CPU
		{6C6E8FB5-4522-4469-A07A-26B66715E247}.Release|Any CPU.Build.0 = Release|Any CPU
	EndGlobalSection
	GlobalSection(SolutionProperties) = preSolution
		HideSolutionNode = FALSE
	EndGlobalSection
EndGlobal
